
Microsoft Visual Studio Solution File, Format Version 12.00
# Visual Studio Version 16
VisualStudioVersion = 16.0.31105.61
MinimumVisualStudioVersion = 10.0.40219.1
Project("{FAE04EC0-301F-11D3-BF4B-00C04F79EFBC}") = "FirebasePayRoll.Android", "FirebasePayRoll.Android\FirebasePayRoll.Android.csproj", "{6C6E4856-4082-4DF1-9224-E140A1C424C8}"
EndProject
Project("{FAE04EC0-301F-11D3-BF4B-00C04F79EFBC}") = "FirebasePayRoll", "FirebasePayRoll\FirebasePayRoll.csproj", "{47A7B4E3-C938-47EF-BD7D-4E727082050F}"
EndProject
Global
	GlobalSection(SolutionConfigurationPlatforms) = preSolution
		Debug|Any CPU = Debug|Any CPU
		Release|Any CPU = Release|Any CPU
	EndGlobalSection
	GlobalSection(ProjectConfigurationPlatforms) = postSolution
		{6C6E4856-4082-4DF1-9224-E140A1C424C8}.Debug|Any CPU.ActiveCfg = Debug|Any CPU
		{6C6E4856-4082-4DF1-9224-E140A1C424C8}.Debug|Any CPU.Build.0 = Debug|Any CPU
		{6C6E4856-4082-4DF1-9224-E140A1C424C8}.Debug|Any CPU.Deploy.0 = Debug|Any CPU
		{6C6E4856-4082-4DF1-9224-E140A1C424C8}.Release|Any CPU.ActiveCfg = Release|Any CPU
		{6C6E4856-4082-4DF1-9224-E140A1C424C8}.Release|Any CPU.Build.0 = Release|Any CPU
		{6C6E4856-4082-4DF1-9224-E140A1C424C8}.Release|Any CPU.Deploy.0 = Release|Any CPU
		{47A7B4E3-C938-47EF-BD7D-4E727082050F}.Debug|Any CPU.ActiveCfg = Debug|Any CPU
		{47A7B4E3-C938-47EF-BD7D-4E727082050F}.Debug|Any CPU.Build.0 = Debug|Any CPU
		{47A7B4E3-C938-47EF-BD7D-4E727082050F}.Debug|Any CPU.Deploy.0 = Debug|Any CPU
		{47A7B4E3-C938-47EF-BD7D-4E727082050F}.Release|Any CPU.ActiveCfg = Release|Any CPU
		{47A7B4E3-C938-47EF-BD7D-4E727082050F}.Release|Any CPU.Build.0 = Release|Any CPU
		{47A7B4E3-C938-47EF-BD7D-4E727082050F}.Release|Any CPU.Deploy.0 = Release|Any CPU
	EndGlobalSection
	GlobalSection(SolutionProperties) = preSolution
		HideSolutionNode = FALSE
	EndGlobalSection
	GlobalSection(ExtensibilityGlobals) = postSolution
		SolutionGuid = {2AD4C032-2DEF-4E68-A48B-AD9DC645DD99}
	EndGlobalSection
EndGlobal
